
Microsoft Visual Studio Solution File, Format Version 12.00
# Visual Studio Version 17
VisualStudioVersion = 17.11.35327.3
MinimumVisualStudioVersion = 10.0.40219.1
Project("{FAE04EC0-301F-11D3-BF4B-00C04F79EFBC}") = "Accord.MachineLearning.Demo", "Accord.MachineLearning.Demo\Accord.MachineLearning.Demo.csproj", "{7FEE8133-ADEC-400A-BC44-96FC01361124}"
EndProject
Project("{FAE04EC0-301F-11D3-BF4B-00C04F79EFBC}") = "Accord.MachineLearning.Demo.TestProject", "Accord.MachineLearning.Demo.TestProject\Accord.MachineLearning.Demo.TestProject.csproj", "{C79B2C13-6C1D-464C-9242-BF2823E69F84}"
EndProject
Global
	GlobalSection(SolutionConfigurationPlatforms) = preSolution
		Debug|Any CPU = Debug|Any CPU
		Release|Any CPU = Release|Any CPU
	EndGlobalSection
	GlobalSection(ProjectConfigurationPlatforms) = postSolution
		{7FEE8133-ADEC-400A-BC44-96FC01361124}.Debug|Any CPU.ActiveCfg = Debug|Any CPU
		{7FEE8133-ADEC-400A-BC44-96FC01361124}.Debug|Any CPU.Build.0 = Debug|Any CPU
		{7FEE8133-ADEC-400A-BC44-96FC01361124}.Release|Any CPU.ActiveCfg = Release|Any CPU
		{7FEE8133-ADEC-400A-BC44-96FC01361124}.Release|Any CPU.Build.0 = Release|Any CPU
		{C79B2C13-6C1D-464C-9242-BF2823E69F84}.Debug|Any CPU.ActiveCfg = Debug|Any CPU
		{C79B2C13-6C1D-464C-9242-BF2823E69F84}.Debug|Any CPU.Build.0 = Debug|Any CPU
		{C79B2C13-6C1D-464C-9242-BF2823E69F84}.Release|Any CPU.ActiveCfg = Release|Any CPU
		{C79B2C13-6C1D-464C-9242-BF2823E69F84}.Release|Any CPU.Build.0 = Release|Any CPU
	EndGlobalSection
	GlobalSection(SolutionProperties) = preSolution
		HideSolutionNode = FALSE
	EndGlobalSection
	GlobalSection(ExtensibilityGlobals) = postSolution
		SolutionGuid = {BF23B48E-6E14-4D55-B955-C519B7424748}
	EndGlobalSection
EndGlobal
